Microsoft Visual Studio Solution File, Format Version 12.00
# Visual Studio Version 17
VisualStudioVersion = 17.5.2.0
MinimumVisualStudioVersion = 10.0.40219.1
Project("{FAE04EC0-301F-11D3-BF4B-00C04F79EFBC}") = "dcit318-assignment2-11046928", "dcit318-assignment2-11046928.csproj", "{8B464553-47E7-EC9C-0BAE-F74EC711720D}"
EndProject
Global
	GlobalSection(SolutionConfigurationPlatforms) = preSolution
		Debug|Any CPU = Debug|Any CPU
		Release|Any CPU = Release|Any CPU
	EndGlobalSection
	GlobalSection(ProjectConfigurationPlatforms) = postSolution
		{8B464553-47E7-EC9C-0BAE-F74EC711720D}.Debug|Any CPU.ActiveCfg = Debug|Any CPU
		{8B464553-47E7-EC9C-0BAE-F74EC711720D}.Debug|Any CPU.Build.0 = Debug|Any CPU
		{8B464553-47E7-EC9C-0BAE-F74EC711720D}.Release|Any CPU.ActiveCfg = Release|Any CPU
		{8B464553-47E7-EC9C-0BAE-F74EC711720D}.Release|Any CPU.Build.0 = Release|Any CPU
	EndGlobalSection
	GlobalSection(SolutionProperties) = preSolution
		HideSolutionNode = FALSE
	EndGlobalSection
	GlobalSection(ExtensibilityGlobals) = postSolution
		SolutionGuid = {C7BC16D2-7A58-406F-BA03-108B3267854C}
	EndGlobalSection
EndGlobal
